
Microsoft Visual Studio Solution File, Format Version 12.00
# Visual Studio 15
VisualStudioVersion = 15.0.28010.2036
MinimumVisualStudioVersion = 10.0.40219.1
Project("{8BC9CEB8-8B4A-11D0-8D11-00A0C91BC942}") = "12. Hanoi Towers", "12. Hanoi Towers\12. Hanoi Towers.vcxproj", "{13694957-9F97-48A4-85E2-9F03B4C1B957}"
EndProject
Global
	GlobalSection(SolutionConfigurationPlatforms) = preSolution
		Debug|x64 = Debug|x64
		Debug|x86 = Debug|x86
		Release|x64 = Release|x64
		Release|x86 = Release|x86
	EndGlobalSection
	GlobalSection(ProjectConfigurationPlatforms) = postSolution
		{13694957-9F97-48A4-85E2-9F03B4C1B957}.Debug|x64.ActiveCfg = Debug|x64
		{13694957-9F97-48A4-85E2-9F03B4C1B957}.Debug|x64.Build.0 = Debug|x64
		{13694957-9F97-48A4-85E2-9F03B4C1B957}.Debug|x86.ActiveCfg = Debug|Win32
		{13694957-9F97-48A4-85E2-9F03B4C1B957}.Debug|x86.Build.0 = Debug|Win32
		{13694957-9F97-48A4-85E2-9F03B4C1B957}.Release|x64.ActiveCfg = Release|x64
		{13694957-9F97-48A4-85E2-9F03B4C1B957}.Release|x64.Build.0 = Release|x64
		{13694957-9F97-48A4-85E2-9F03B4C1B957}.Release|x86.ActiveCfg = Release|Win32
		{13694957-9F97-48A4-85E2-9F03B4C1B957}.Release|x86.Build.0 = Release|Win32
	EndGlobalSection
	GlobalSection(SolutionProperties) = preSolution
		HideSolutionNode = FALSE
	EndGlobalSection
	GlobalSection(ExtensibilityGlobals) = postSolution
		SolutionGuid = {7A3C43FF-6409-4AD8-9B37-6C43CCD3E008}
	EndGlobalSection
EndGlobal
